// !$*UTF8*$!
{
	archiveVersion = 1;
	classes = {
	};
	objectVersion = 48;
	objects = {

/* Begin PBXBuildFile section */
		AED21346206C524B004664F9 /* AppDelegate.swift in Sources */ = {isa = PBXBuildFile; fileRef = AED21345206C524B004664F9 /* AppDelegate.swift */; };
		AED21348206C524B004664F9 /* GameScene.sks in Resources */ = {isa = PBXBuildFile; fileRef = AED21347206C524B004664F9 /* GameScene.sks */; };
		AED2134A206C524B004664F9 /* Actions.sks in Resources */ = {isa = PBXBuildFile; fileRef = AED21349206C524B004664F9 /* Actions.sks */; };
		AED2134C206C524B004664F9 /* GameScene.swift in Sources */ = {isa = PBXBuildFile; fileRef = AED2134B206C524B004664F9 /* GameScene.swift */; };
		AED2134E206C524B004664F9 /* GameViewController.swift in Sources */ = {isa = PBXBuildFile; fileRef = AED2134D206C524B004664F9 /* GameViewController.swift */; };
		AED21351206C524B004664F9 /* Main.storyboard in Resources */ = {isa = PBXBuildFile; fileRef = AED2134F206C524B004664F9 /* Main.storyboard */; };
		AED21353206C524B004664F9 /* Assets.xcassets in Resources */ = {isa = PBXBuildFile; fileRef = AED21352206C524B004664F9 /* Assets.xcassets */; };
		AED21356206C524B004664F9 /* LaunchScreen.storyboard in Resources */ = {isa = PBXBuildFile; fileRef = AED21354206C524B004664F9 /* LaunchScreen.storyboard */; };
		AED21361206C524B004664F9 /* PongTests.swift in Sources */ = {isa = PBXBuildFile; fileRef = AED21360206C524B004664F9 /* PongTests.swift */; };
		AED2136C206C524B004664F9 /* PongUITests.swift in Sources */ = {isa = PBXBuildFile; fileRef = AED2136B206C524B004664F9 /* PongUITests.swift */; };
/* End PBXBuildFile section */

/* Begin PBXContainerItemProxy section */
		AED2135D206C524B004664F9 /* PBXContainerItemProxy */ = {
			isa = PBXContainerItemProxy;
			containerPortal = AED2133A206C524B004664F9 /* Project object */;
			proxyType = 1;
			remoteGlobalIDString = AED21341206C524B004664F9;
			remoteInfo = Pong;
		};
		AED21368206C524B004664F9 /* PBXContainerItemProxy */ = {
			isa = PBXContainerItemProxy;
			containerPortal = AED2133A206C524B004664F9 /* Project object */;
			proxyType = 1;
			remoteGlobalIDString = AED21341206C524B004664F9;
			remoteInfo = Pong;
		};
/* End PBXContainerItemProxy section */

/* Begin PBXFileReference section */
		AED21342206C524B004664F9 /* Pong.app */ = {isa = PBXFileReference; explicitFileType = wrapper.application; includeInIndex = 0; path = Pong.app; sourceTree = BUILT_PRODUCTS_DIR; };
		AED21345206C524B004664F9 /* AppDelegate.swift */ = {isa = PBXFileReference; lastKnownFileType = sourcecode.swift; path = AppDelegate.swift; sourceTree = "<group>"; };
		AED21347206C524B004664F9 /* GameScene.sks */ = {isa = PBXFileReference; lastKnownFileType = file.sks; path = GameScene.sks; sourceTree = "<group>"; };
		AED21349206C524B004664F9 /* Actions.sks */ = {isa = PBXFileReference; lastKnownFileType = file.sks; path = Actions.sks; sourceTree = "<group>"; };
		AED2134B206C524B004664F9 /* GameScene.swift */ = {isa = PBXFileReference; lastKnownFileType = sourcecode.swift; path = GameScene.swift; sourceTree = "<group>"; };
		AED2134D206C524B004664F9 /* GameViewController.swift */ = {isa = PBXFileReference; lastKnownFileType = sourcecode.swift; path = GameViewController.swift; sourceTree = "<group>"; };
		AED21350206C524B004664F9 /* Base */ = {isa = PBXFileReference; lastKnownFileType = file.storyboard; name = Base; path = Base.lproj/Main.storyboard; sourceTree = "<group>"; };
		AED21352206C524B004664F9 /* Assets.xcassets */ = {isa = PBXFileReference; lastKnownFileType = folder.assetcatalog; path = Assets.xcassets; sourceTree = "<group>"; };
		AED21355206C524B004664F9 /* Base */ = {isa = PBXFileReference; lastKnownFileType = file.storyboard; name = Base; path = Base.lproj/LaunchScreen.storyboard; sourceTree = "<group>"; };
		AED21357206C524B004664F9 /* Info.plist */ = {isa = PBXFileReference; lastKnownFileType = text.plist.xml; path = Info.plist; sourceTree = "<group>"; };
		AED2135C206C524B004664F9 /* PongTests.xctest */ = {isa = PBXFileReference; explicitFileType = wrapper.cfbundle; includeInIndex = 0; path = PongTests.xctest; sourceTree = BUILT_PRODUCTS_DIR; };
		AED21360206C524B004664F9 /* PongTests.swift */ = {isa = PBXFileReference; lastKnownFileType = sourcecode.swift; path = PongTests.swift; sourceTree = "<group>"; };
		AED21362206C524B004664F9 /* Info.plist */ = {isa = PBXFileReference; lastKnownFileType = text.plist.xml; path = Info.plist; sourceTree = "<group>"; };
		AED21367206C524B004664F9 /* PongUITests.xctest */ = {isa = PBXFileReference; explicitFileType = wrapper.cfbundle; includeInIndex = 0; path = PongUITests.xctest; sourceTree = BUILT_PRODUCTS_DIR; };
		AED2136B206C524B004664F9 /* PongUITests.swift */ = {isa = PBXFileReference; lastKnownFileType = sourcecode.swift; path = PongUITests.swift; sourceTree = "<group>"; };
		AED2136D206C524B004664F9 /* Info.plist */ = {isa = PBXFileReference; lastKnownFileType = text.plist.xml; path = Info.plist; sourceTree = "<group>"; };
/* End PBXFileReference section */

/* Begin PBXFrameworksBuildPhase section */
		AED2133F206C524B004664F9 /* Frameworks */ = {
			isa = PBXFrameworksBuildPhase;
			buildActionMask = 2147483647;
			files = (
			);
			runOnlyForDeploymentPostprocessing = 0;
		};
		AED21359206C524B004664F9 /* Frameworks */ = {
			isa = PBXFrameworksBuildPhase;
			buildActionMask = 2147483647;
			files = (
			);
			runOnlyForDeploymentPostprocessing = 0;
		};
		AED21364206C524B004664F9 /* Frameworks */ = {
			isa = PBXFrameworksBuildPhase;
			buildActionMask = 2147483647;
			files = (
			);
			runOnlyForDeploymentPostprocessing = 0;
		};
/* End PBXFrameworksBuildPhase section */

/* Begin PBXGroup section */
		AED21339206C524B004664F9 = {
			isa = PBXGroup;
			children = (
				AED21344206C524B004664F9 /* Pong */,
				AED2135F206C524B004664F9 /* PongTests */,
				AED2136A206C524B004664F9 /* PongUITests */,
				AED21343206C524B004664F9 /* Products */,
			);
			sourceTree = "<group>";
		};
		AED21343206C524B004664F9 /* Products */ = {
			isa = PBXGroup;
			children = (
				AED21342206C524B004664F9 /* Pong.app */,
				AED2135C206C524B004664F9 /* PongTests.xctest */,
				AED21367206C524B004664F9 /* PongUITests.xctest */,
			);
			name = Products;
			sourceTree = "<group>";
		};
		AED21344206C524B004664F9 /* Pong */ = {
			isa = PBXGroup;
			children = (
				AED21345206C524B004664F9 /* AppDelegate.swift */,
				AED21347206C524B004664F9 /* GameScene.sks */,
				AED21349206C524B004664F9 /* Actions.sks */,
				AED2134B206C524B004664F9 /* GameScene.swift */,
				AED2134D206C524B004664F9 /* GameViewController.swift */,
				AED2134F206C524B004664F9 /* Main.storyboard */,
				AED21352206C524B004664F9 /* Assets.xcassets */,
				AED21354206C524B004664F9 /* LaunchScreen.storyboard */,
				AED21357206C524B004664F9 /* Info.plist */,
			);
			path = Pong;
			sourceTree = "<group>";
		};
		AED2135F206C524B004664F9 /* PongTests */ = {
			isa = PBXGroup;
			children = (
				AED21360206C524B004664F9 /* PongTests.swift */,
				AED21362206C524B004664F9 /* Info.plist */,
			);
			path = PongTests;
			sourceTree = "<group>";
		};
		AED2136A206C524B004664F9 /* PongUITests */ = {
			isa = PBXGroup;
			children = (
				AED2136B206C524B004664F9 /* PongUITests.swift */,
				AED2136D206C524B004664F9 /* Info.plist */,
			);
			path = PongUITests;
			sourceTree = "<group>";
		};
/* End PBXGroup section */

/* Begin PBXNativeTarget section */
		AED21341206C524B004664F9 /* Pong */ = {
			isa = PBXNativeTarget;
			buildConfigurationList = AED21370206C524B004664F9 /* Build configuration list for PBXNativeTarget "Pong" */;
			buildPhases = (
				AED2133E206C524B004664F9 /* Sources */,
				AED2133F206C524B004664F9 /* Frameworks */,
				AED21340206C524B004664F9 /* Resources */,
			);
			buildRules = (
			);
			dependencies = (
			);
			name = Pong;
			productName = Pong;
			productReference = AED21342206C524B004664F9 /* Pong.app */;
			productType = "com.apple.product-type.application";
		};
		AED2135B206C524B004664F9 /* PongTests */ = {
			isa = PBXNativeTarget;
			buildConfigurationList = AED21373206C524B004664F9 /* Build configuration list for PBXNativeTarget "PongTests" */;
			buildPhases = (
				AED21358206C524B004664F9 /* Sources */,
				AED21359206C524B004664F9 /* Frameworks */,
				AED2135A206C524B004664F9 /* Resources */,
			);
			buildRules = (
			);
			dependencies = (
				AED2135E206C524B004664F9 /* PBXTargetDependency */,
			);
			name = PongTests;
			productName = PongTests;
			productReference = AED2135C206C524B004664F9 /* PongTests.xctest */;
			productType = "com.apple.product-type.bundle.unit-test";
		};
		AED21366206C524B004664F9 /* PongUITests */ = {
			isa = PBXNativeTarget;
			buildConfigurationList = AED21376206C524B004664F9 /* Build configuration list for PBXNativeTarget "PongUITests" */;
			buildPhases = (
				AED21363206C524B004664F9 /* Sources */,
				AED21364206C524B004664F9 /* Frameworks */,
				AED21365206C524B004664F9 /* Resources */,
			);
			buildRules = (
			);
			dependencies = (
				AED21369206C524B004664F9 /* PBXTargetDependency */,
			);
			name = PongUITests;
			productName = PongUITests;
			productReference = AED21367206C524B004664F9 /* PongUITests.xctest */;
			productType = "com.apple.product-type.bundle.ui-testing";
		};
/* End PBXNativeTarget section */

/* Begin PBXProject section */
		AED2133A206C524B004664F9 /* Project object */ = {
			isa = PBXProject;
			attributes = {
				LastSwiftUpdateCheck = 0920;
				LastUpgradeCheck = 0920;
				ORGANIZATIONNAME = "Michael Guerfi";
				TargetAttributes = {
					AED21341206C524B004664F9 = {
						CreatedOnToolsVersion = 9.2;
						ProvisioningStyle = Automatic;
					};
					AED2135B206C524B004664F9 = {
						CreatedOnToolsVersion = 9.2;
						ProvisioningStyle = Automatic;
						TestTargetID = AED21341206C524B004664F9;
					};
					AED21366206C524B004664F9 = {
						CreatedOnToolsVersion = 9.2;
						ProvisioningStyle = Automatic;
						TestTargetID = AED21341206C524B004664F9;
					};
				};
			};
			buildConfigurationList = AED2133D206C524B004664F9 /* Build configuration list for PBXProject "Pong" */;
			compatibilityVersion = "Xcode 8.0";
			developmentRegion = en;
			hasScannedForEncodings = 0;
			knownRegions = (
				en,
				Base,
			);
			mainGroup = AED21339206C524B004664F9;
			productRefGroup = AED21343206C524B004664F9 /* Products */;
			projectDirPath = "";
			projectRoot = "";
			targets = (
				AED21341206C524B004664F9 /* Pong */,
				AED2135B206C524B004664F9 /* PongTests */,
				AED21366206C524B004664F9 /* PongUITests */,
			);
		};
/* End PBXProject section */

/* Begin PBXResourcesBuildPhase section */
		AED21340206C524B004664F9 /* Resources */ = {
			isa = PBXResourcesBuildPhase;
			buildActionMask = 2147483647;
			files = (
				AED21351206C524B004664F9 /* Main.storyboard in Resources */,
				AED21348206C524B004664F9 /* GameScene.sks in Resources */,
				AED21353206C524B004664F9 /* Assets.xcassets in Resources */,
				AED21356206C524B004664F9 /* LaunchScreen.storyboard in Resources */,
				AED2134A206C524B004664F9 /* Actions.sks in Resources */,
			);
			runOnlyForDeploymentPostprocessing = 0;
		};
		AED2135A206C524B004664F9 /* Resources */ = {
			isa = PBXResourcesBuildPhase;
			buildActionMask = 2147483647;
			files = (
			);
			runOnlyForDeploymentPostprocessing = 0;
		};
		AED21365206C524B004664F9 /* Resources */ = {
			isa = PBXResourcesBuildPhase;
			buildActionMask = 2147483647;
			files = (
			);
			runOnlyForDeploymentPostprocessing = 0;
		};
/* End PBXResourcesBuildPhase section */

/* Begin PBXSourcesBuildPhase section */
		AED2133E206C524B004664F9 /* Sources */ = {
			isa = PBXSourcesBuildPhase;
			buildActionMask = 2147483647;
			files = (
				AED2134C206C524B004664F9 /* GameScene.swift in Sources */,
				AED2134E206C524B004664F9 /* GameViewController.swift in Sources */,
				AED21346206C524B004664F9 /* AppDelegate.swift in Sources */,
			);
			runOnlyForDeploymentPostprocessing = 0;
		};
		AED21358206C524B004664F9 /* Sources */ = {
			isa = PBXSourcesBuildPhase;
			buildActionMask = 2147483647;
			files = (
				AED21361206C524B004664F9 /* PongTests.swift in Sources */,
			);
			runOnlyForDeploymentPostprocessing = 0;
		};
		AED21363206C524B004664F9 /* Sources */ = {
			isa = PBXSourcesBuildPhase;
			buildActionMask = 2147483647;
			files = (
				AED2136C206C524B004664F9 /* PongUITests.swift in Sources */,
			);
			runOnlyForDeploymentPostprocessing = 0;
		};
/* End PBXSourcesBuildPhase section */

/* Begin PBXTargetDependency section */
		AED2135E206C524B004664F9 /* PBXTargetDependency */ = {
			isa = PBXTargetDependency;
			target = AED21341206C524B004664F9 /* Pong */;
			targetProxy = AED2135D206C524B004664F9 /* PBXContainerItemProxy */;
		};
		AED21369206C524B004664F9 /* PBXTargetDependency */ = {
			isa = PBXTargetDependency;
			target = AED21341206C524B004664F9 /* Pong */;
			targetProxy = AED21368206C524B004664F9 /* PBXContainerItemProxy */;
		};
/* End PBXTargetDependency section */

/* Begin PBXVariantGroup section */
		AED2134F206C524B004664F9 /* Main.storyboard */ = {
			isa = PBXVariantGroup;
			children = (
				AED21350206C524B004664F9 /* Base */,
			);
			name = Main.storyboard;
			sourceTree = "<group>";
		};
		AED21354206C524B004664F9 /* LaunchScreen.storyboard */ = {
			isa = PBXVariantGroup;
			children = (
				AED21355206C524B004664F9 /* Base */,
			);
			name = LaunchScreen.storyboard;
			sourceTree = "<group>";
		};
/* End PBXVariantGroup section */

/* Begin XCBuildConfiguration section */
		AED2136E206C524B004664F9 /* Debug */ = {
			isa = XCBuildConfiguration;
			buildSettings = {
				ALWAYS_SEARCH_USER_PATHS = NO;
				CLANG_ANALYZER_NONNULL = YES;
				CLANG_ANALYZER_NUMBER_OBJECT_CONVERSION = YES_AGGRESSIVE;
				CLANG_CXX_LANGUAGE_STANDARD = "gnu++14";
				CLANG_CXX_LIBRARY = "libc++";
				CLANG_ENABLE_MODULES = YES;
				CLANG_ENABLE_OBJC_ARC = YES;
				CLANG_WARN_BLOCK_CAPTURE_AUTORELEASING = YES;
				CLANG_WARN_BOOL_CONVERSION = YES;
				CLANG_WARN_COMMA = YES;
				CLANG_WARN_CONSTANT_CONVERSION = YES;
				CLANG_WARN_DIRECT_OBJC_ISA_USAGE = YES_ERROR;
				CLANG_WARN_DOCUMENTATION_COMMENTS = YES;
				CLANG_WARN_EMPTY_BODY = YES;
				CLANG_WARN_ENUM_CONVERSION = YES;
				CLANG_WARN_INFINITE_RECURSION = YES;
				CLANG_WARN_INT_CONVERSION = YES;
				CLANG_WARN_NON_LITERAL_NULL_CONVERSION = YES;
				CLANG_WARN_OBJC_LITERAL_CONVERSION = YES;
				CLANG_WARN_OBJC_ROOT_CLASS = YES_ERROR;
				CLANG_WARN_RANGE_LOOP_ANALYSIS = YES;
				CLANG_WARN_STRICT_PROTOTYPES = YES;
				CLANG_WARN_SUSPICIOUS_MOVE = YES;
				CLANG_WARN_UNGUARDED_AVAILABILITY = YES_AGGRESSIVE;
				CLANG_WARN_UNREACHABLE_CODE = YES;
				CLANG_WARN__DUPLICATE_METHOD_MATCH = YES;
				CODE_SIGN_IDENTITY = "iPhone Developer";
				COPY_PHASE_STRIP = NO;
				DEBUG_INFORMATION_FORMAT = dwarf;
				ENABLE_STRICT_OBJC_MSGSEND = YES;
				ENABLE_TESTABILITY = YES;
				GCC_C_LANGUAGE_STANDARD = gnu11;
				GCC_DYNAMIC_NO_PIC = NO;
				GCC_NO_COMMON_BLOCKS = YES;
				GCC_OPTIMIZATION_LEVEL = 0;
				GCC_PREPROCESSOR_DEFINITIONS = (
					"DEBUG=1",
					"$(inherited)",
				);
				GCC_WARN_64_TO_32_BIT_CONVERSION = YES;
				GCC_WARN_ABOUT_RETURN_TYPE = YES_ERROR;
				GCC_WARN_UNDECLARED_SELECTOR = YES;
				GCC_WARN_UNINITIALIZED_AUTOS = YES_AGGRESSIVE;
				GCC_WARN_UNUSED_FUNCTION = YES;
				GCC_WARN_UNUSED_VARIABLE = YES;
				IPHONEOS_DEPLOYMENT_TARGET = 11.2;
				MTL_ENABLE_DEBUG_INFO = YES;
				ONLY_ACTIVE_ARCH = YES;
				SDKROOT = iphoneos;
				SWIFT_ACTIVE_COMPILATION_CONDITIONS = DEBUG;
				SWIFT_OPTIMIZATION_LEVEL = "-Onone";
			};
			name = Debug;
		};
		AED2136F206C524B004664F9 /* Release */ = {
			isa = XCBuildConfiguration;
			buildSettings = {
				ALWAYS_SEARCH_USER_PATHS = NO;
				CLANG_ANALYZER_NONNULL = YES;
				CLANG_ANALYZER_NUMBER_OBJECT_CONVERSION = YES_AGGRESSIVE;
				CLANG_CXX_LANGUAGE_STANDARD = "gnu++14";
				CLANG_CXX_LIBRARY = "libc++";
				CLANG_ENABLE_MODULES = YES;
				CLANG_ENABLE_OBJC_ARC = YES;
				CLANG_WARN_BLOCK_CAPTURE_AUTORELEASING = YES;
				CLANG_WARN_BOOL_CONVERSION = YES;
				CLANG_WARN_COMMA = YES;
				CLANG_WARN_CONSTANT_CONVERSION = YES;
				CLANG_WARN_DIRECT_OBJC_ISA_USAGE = YES_ERROR;
				CLANG_WARN_DOCUMENTATION_COMMENTS = YES;
				CLANG_WARN_EMPTY_BODY = YES;
				CLANG_WARN_ENUM_CONVERSION = YES;
				CLANG_WARN_INFINITE_RECURSION = YES;
				CLANG_WARN_INT_CONVERSION = YES;
				CLANG_WARN_NON_LITERAL_NULL_CONVERSION = YES;
				CLANG_WARN_OBJC_LITERAL_CONVERSION = YES;
				CLANG_WARN_OBJC_ROOT_CLASS = YES_ERROR;
				CLANG_WARN_RANGE_LOOP_ANALYSIS = YES;
				CLANG_WARN_STRICT_PROTOTYPES = YES;
				CLANG_WARN_SUSPICIOUS_MOVE = YES;
				CLANG_WARN_UNGUARDED_AVAILABILITY = YES_AGGRESSIVE;
				CLANG_WARN_UNREACHABLE_CODE = YES;
				CLANG_WARN__DUPLICATE_METHOD_MATCH = YES;
				CODE_SIGN_IDENTITY = "iPhone Developer";
				COPY_PHASE_STRIP = NO;
				DEBUG_INFORMATION_FORMAT = "dwarf-with-dsym";
				ENABLE_NS_ASSERTIONS = NO;
				ENABLE_STRICT_OBJC_MSGSEND = YES;
				GCC_C_LANGUAGE_STANDARD = gnu11;
				GCC_NO_COMMON_BLOCKS = YES;
				GCC_WARN_64_TO_32_BIT_CONVERSION = YES;
				GCC_WARN_ABOUT_RETURN_TYPE = YES_ERROR;
				GCC_WARN_UNDECLARED_SELECTOR = YES;
				GCC_WARN_UNINITIALIZED_AUTOS = YES_AGGRESSIVE;
				GCC_WARN_UNUSED_FUNCTION = YES;
				GCC_WARN_UNUSED_VARIABLE = YES;
				IPHONEOS_DEPLOYMENT_TARGET = 11.2;
				MTL_ENABLE_DEBUG_INFO = NO;
				SDKROOT = iphoneos;
				SWIFT_OPTIMIZATION_LEVEL = "-Owholemodule";
				VALIDATE_PRODUCT = YES;
			};
			name = Release;
		};
		AED21371206C524B004664F9 /* Debug */ = {
			isa = XCBuildConfiguration;
			buildSettings = {
				ASSETCATALOG_COMPILER_APPICON_NAME = AppIcon;
				CODE_SIGN_STYLE = Automatic;
				INFOPLIST_FILE = Pong/Info.plist;
				LD_RUNPATH_SEARCH_PATHS = "$(inherited) @executable_path/Frameworks";
				PRODUCT_BUNDLE_IDENTIFIER = Michael.Pong;
				PRODUCT_NAME = "$(TARGET_NAME)";
				SWIFT_VERSION = 4.0;
				TARGETED_DEVICE_FAMILY = "1,2";
			};
			name = Debug;
		};
		AED21372206C524B004664F9 /* Release */ = {
			isa = XCBuildConfiguration;
			buildSettings = {
				ASSETCATALOG_COMPILER_APPICON_NAME = AppIcon;
				CODE_SIGN_STYLE = Automatic;
				INFOPLIST_FILE = Pong/Info.plist;
				LD_RUNPATH_SEARCH_PATHS = "$(inherited) @executable_path/Frameworks";
				PRODUCT_BUNDLE_IDENTIFIER = Michael.Pong;
				PRODUCT_NAME = "$(TARGET_NAME)";
				SWIFT_VERSION = 4.0;
				TARGETED_DEVICE_FAMILY = "1,2";
			};
			name = Release;
		};
		AED21374206C524B004664F9 /* Debug */ = {
			isa = XCBuildConfiguration;
			buildSettings = {
				ALWAYS_EMBED_SWIFT_STANDARD_LIBRARIES = YES;
				BUNDLE_LOADER = "$(TEST_HOST)";
				CODE_SIGN_STYLE = Automatic;
				INFOPLIST_FILE = PongTests/Info.plist;
				LD_RUNPATH_SEARCH_PATHS = "$(inherited) @executable_path/Frameworks @loader_path/Frameworks";
				PRODUCT_BUNDLE_IDENTIFIER = Michael.PongTests;
				PRODUCT_NAME = "$(TARGET_NAME)";
				SWIFT_VERSION = 4.0;
				TARGETED_DEVICE_FAMILY = "1,2";
				TEST_HOST = "$(BUILT_PRODUCTS_DIR)/Pong.app/Pong";
			};
			name = Debug;
		};
		AED21375206C524B004664F9 /* Release */ = {
			isa = XCBuildConfiguration;
			buildSettings = {
				ALWAYS_EMBED_SWIFT_STANDARD_LIBRARIES = YES;
				BUNDLE_LOADER = "$(TEST_HOST)";
				CODE_SIGN_STYLE = Automatic;
				INFOPLIST_FILE = PongTests/Info.plist;
				LD_RUNPATH_SEARCH_PATHS = "$(inherited) @executable_path/Frameworks @loader_path/Frameworks";
				PRODUCT_BUNDLE_IDENTIFIER = Michael.PongTests;
				PRODUCT_NAME = "$(TARGET_NAME)";
				SWIFT_VERSION = 4.0;
				TARGETED_DEVICE_FAMILY = "1,2";
				TEST_HOST = "$(BUILT_PRODUCTS_DIR)/Pong.app/Pong";
			};
			name = Release;
		};
		AED21377206C524B004664F9 /* Debug */ = {
			isa = XCBuildConfiguration;
			buildSettings = {
				ALWAYS_EMBED_SWIFT_STANDARD_LIBRARIES = YES;
				CODE_SIGN_STYLE = Automatic;
				INFOPLIST_FILE = PongUITests/Info.plist;
				LD_RUNPATH_SEARCH_PATHS = "$(inherited) @executable_path/Frameworks @loader_path/Frameworks";
				PRODUCT_BUNDLE_IDENTIFIER = Michael.PongUITests;
				PRODUCT_NAME = "$(TARGET_NAME)";
				SWIFT_VERSION = 4.0;
				TARGETED_DEVICE_FAMILY = "1,2";
				TEST_TARGET_NAME = Pong;
			};
			name = Debug;
		};
		AED21378206C524B004664F9 /* Release */ = {
			isa = XCBuildConfiguration;
			buildSettings = {
				ALWAYS_EMBED_SWIFT_STANDARD_LIBRARIES = YES;
				CODE_SIGN_STYLE = Automatic;
				INFOPLIST_FILE = PongUITests/Info.plist;
				LD_RUNPATH_SEARCH_PATHS = "$(inherited) @executable_path/Frameworks @loader_path/Frameworks";
				PRODUCT_BUNDLE_IDENTIFIER = Michael.PongUITests;
				PRODUCT_NAME = "$(TARGET_NAME)";
				SWIFT_VERSION = 4.0;
				TARGETED_DEVICE_FAMILY = "1,2";
				TEST_TARGET_NAME = Pong;
			};
			name = Release;
		};
/* End XCBuildConfiguration section */

/* Begin XCConfigurationList section */
		AED2133D206C524B004664F9 /* Build configuration list for PBXProject "Pong" */ = {
			isa = XCConfigurationList;
			buildConfigurations = (
				AED2136E206C524B004664F9 /* Debug */,
				AED2136F206C524B004664F9 /* Release */,
			);
			defaultConfigurationIsVisible = 0;
			defaultConfigurationName = Release;
		};
		AED21370206C524B004664F9 /* Build configuration list for PBXNativeTarget "Pong" */ = {
			isa = XCConfigurationList;
			buildConfigurations = (
				AED21371206C524B004664F9 /* Debug */,
				AED21372206C524B004664F9 /* Release */,
			);
			defaultConfigurationIsVisible = 0;
			defaultConfigurationName = Release;
		};
		AED21373206C524B004664F9 /* Build configuration list for PBXNativeTarget "PongTests" */ = {
			isa = XCConfigurationList;
			buildConfigurations = (
				AED21374206C524B004664F9 /* Debug */,
				AED21375206C524B004664F9 /* Release */,
			);
			defaultConfigurationIsVisible = 0;
			defaultConfigurationName = Release;
		};
		AED21376206C524B004664F9 /* Build configuration list for PBXNativeTarget "PongUITests" */ = {
			isa = XCConfigurationList;
			buildConfigurations = (
				AED21377206C524B004664F9 /* Debug */,
				AED21378206C524B004664F9 /* Release */,
			);
			defaultConfigurationIsVisible = 0;
			defaultConfigurationName = Release;
		};
/* End XCConfigurationList section */
	};
	rootObject = AED2133A206C524B004664F9 /* Project object */;
}
